
Microsoft Visual Studio Solution File, Format Version 12.00
# Visual Studio Version 17
VisualStudioVersion = 17.11.35222.181
MinimumVisualStudioVersion = 10.0.40219.1
Project("{FAE04EC0-301F-11D3-BF4B-00C04F79EFBC}") = "metodyPozdrav", "metodyPozdrav\metodyPozdrav.csproj", "{F5B57CD4-3DA7-4CD7-89DA-FC6BE5A8399E}"
EndProject
Global
	GlobalSection(SolutionConfigurationPlatforms) = preSolution
		Debug|Any CPU = Debug|Any CPU
		Release|Any CPU = Release|Any CPU
	EndGlobalSection
	GlobalSection(ProjectConfigurationPlatforms) = postSolution
		{F5B57CD4-3DA7-4CD7-89DA-FC6BE5A8399E}.Debug|Any CPU.ActiveCfg = Debug|Any CPU
		{F5B57CD4-3DA7-4CD7-89DA-FC6BE5A8399E}.Debug|Any CPU.Build.0 = Debug|Any CPU
		{F5B57CD4-3DA7-4CD7-89DA-FC6BE5A8399E}.Release|Any CPU.ActiveCfg = Release|Any CPU
		{F5B57CD4-3DA7-4CD7-89DA-FC6BE5A8399E}.Release|Any CPU.Build.0 = Release|Any CPU
	EndGlobalSection
	GlobalSection(SolutionProperties) = preSolution
		HideSolutionNode = FALSE
	EndGlobalSection
	GlobalSection(ExtensibilityGlobals) = postSolution
		SolutionGuid = {56C353DD-1D75-4355-8CB8-4C147DD4F47B}
	EndGlobalSection
EndGlobal
