
Microsoft Visual Studio Solution File, Format Version 12.00
# Visual Studio Version 17
VisualStudioVersion = 17.11.35222.181
MinimumVisualStudioVersion = 10.0.40219.1
Project("{FAE04EC0-301F-11D3-BF4B-00C04F79EFBC}") = "chyba2", "chyba2\chyba2.csproj", "{B30A9F33-962D-44A4-93B6-AAE762B98589}"
EndProject
Global
	GlobalSection(SolutionConfigurationPlatforms) = preSolution
		Debug|Any CPU = Debug|Any CPU
		Release|Any CPU = Release|Any CPU
	EndGlobalSection
	GlobalSection(ProjectConfigurationPlatforms) = postSolution
		{B30A9F33-962D-44A4-93B6-AAE762B98589}.Debug|Any CPU.ActiveCfg = Debug|Any CPU
		{B30A9F33-962D-44A4-93B6-AAE762B98589}.Debug|Any CPU.Build.0 = Debug|Any CPU
		{B30A9F33-962D-44A4-93B6-AAE762B98589}.Release|Any CPU.ActiveCfg = Release|Any CPU
		{B30A9F33-962D-44A4-93B6-AAE762B98589}.Release|Any CPU.Build.0 = Release|Any CPU
	EndGlobalSection
	GlobalSection(SolutionProperties) = preSolution
		HideSolutionNode = FALSE
	EndGlobalSection
	GlobalSection(ExtensibilityGlobals) = postSolution
		SolutionGuid = {35DB5B1E-752C-4037-B460-03318A1177B5}
	EndGlobalSection
EndGlobal
