
Microsoft Visual Studio Solution File, Format Version 12.00
# Visual Studio Version 17
VisualStudioVersion = 17.11.35222.181
MinimumVisualStudioVersion = 10.0.40219.1
Project("{FAE04EC0-301F-11D3-BF4B-00C04F79EFBC}") = "chyba1", "chyba1\chyba1.csproj", "{54D45C7C-6651-4733-B5EC-0D8DBB7DA2EB}"
EndProject
Global
	GlobalSection(SolutionConfigurationPlatforms) = preSolution
		Debug|Any CPU = Debug|Any CPU
		Release|Any CPU = Release|Any CPU
	EndGlobalSection
	GlobalSection(ProjectConfigurationPlatforms) = postSolution
		{54D45C7C-6651-4733-B5EC-0D8DBB7DA2EB}.Debug|Any CPU.ActiveCfg = Debug|Any CPU
		{54D45C7C-6651-4733-B5EC-0D8DBB7DA2EB}.Debug|Any CPU.Build.0 = Debug|Any CPU
		{54D45C7C-6651-4733-B5EC-0D8DBB7DA2EB}.Release|Any CPU.ActiveCfg = Release|Any CPU
		{54D45C7C-6651-4733-B5EC-0D8DBB7DA2EB}.Release|Any CPU.Build.0 = Release|Any CPU
	EndGlobalSection
	GlobalSection(SolutionProperties) = preSolution
		HideSolutionNode = FALSE
	EndGlobalSection
	GlobalSection(ExtensibilityGlobals) = postSolution
		SolutionGuid = {24DB3964-24DE-4364-9CBE-FFCD1221E2E3}
	EndGlobalSection
EndGlobal
