
Microsoft Visual Studio Solution File, Format Version 12.00
# Visual Studio Version 17
VisualStudioVersion = 17.11.35222.181
MinimumVisualStudioVersion = 10.0.40219.1
Project("{FAE04EC0-301F-11D3-BF4B-00C04F79EFBC}") = "pole_ulohy", "pole_ulohy\pole_ulohy.csproj", "{204BC10A-CBCF-43E4-8CEC-97F39594F9A4}"
EndProject
Global
	GlobalSection(SolutionConfigurationPlatforms) = preSolution
		Debug|Any CPU = Debug|Any CPU
		Release|Any CPU = Release|Any CPU
	EndGlobalSection
	GlobalSection(ProjectConfigurationPlatforms) = postSolution
		{204BC10A-CBCF-43E4-8CEC-97F39594F9A4}.Debug|Any CPU.ActiveCfg = Debug|Any CPU
		{204BC10A-CBCF-43E4-8CEC-97F39594F9A4}.Debug|Any CPU.Build.0 = Debug|Any CPU
		{204BC10A-CBCF-43E4-8CEC-97F39594F9A4}.Release|Any CPU.ActiveCfg = Release|Any CPU
		{204BC10A-CBCF-43E4-8CEC-97F39594F9A4}.Release|Any CPU.Build.0 = Release|Any CPU
	EndGlobalSection
	GlobalSection(SolutionProperties) = preSolution
		HideSolutionNode = FALSE
	EndGlobalSection
	GlobalSection(ExtensibilityGlobals) = postSolution
		SolutionGuid = {2DE08FFA-F6C7-4D33-8A3F-55041EA12B27}
	EndGlobalSection
EndGlobal
